Microsoft Visual Studio Solution File, Format Version 12.00
# Visual Studio 15
VisualStudioVersion = 15.0.27130.2027
MinimumVisualStudioVersion = 15.0.26124.0
Project("{9A19103F-16F7-4668-BE54-9A1E7A4F7556}") = "DotNet.WebApp", "src\AspNetCoreInDocker.Web\DotNet.WebApp.csproj", "{A8BEC1F6-9978-4445-ADBD-999F27A58A78}"
EndProject
Global
	GlobalSection(SolutionConfigurationPlatforms) = preSolution
		Debug|Any CPU = Debug|Any CPU
		Debug|x64 = Debug|x64
		Debug|x86 = Debug|x86
		Release|Any CPU = Release|Any CPU
		Release|x64 = Release|x64
		Release|x86 = Release|x86
	EndGlobalSection
	GlobalSection(ProjectConfigurationPlatforms) = postSolution
		{A8BEC1F6-9978-4445-ADBD-999F27A58A78}.Debug|Any CPU.ActiveCfg = Debug|Any CPU
		{A8BEC1F6-9978-4445-ADBD-999F27A58A78}.Debug|Any CPU.Build.0 = Debug|Any CPU
		{A8BEC1F6-9978-4445-ADBD-999F27A58A78}.Debug|x64.ActiveCfg = Debug|Any CPU
		{A8BEC1F6-9978-4445-ADBD-999F27A58A78}.Debug|x64.Build.0 = Debug|Any CPU
		{A8BEC1F6-9978-4445-ADBD-999F27A58A78}.Debug|x86.ActiveCfg = Debug|Any CPU
		{A8BEC1F6-9978-4445-ADBD-999F27A58A78}.Debug|x86.Build.0 = Debug|Any CPU
		{A8BEC1F6-9978-4445-ADBD-999F27A58A78}.Release|Any CPU.ActiveCfg = Release|Any CPU
		{A8BEC1F6-9978-4445-ADBD-999F27A58A78}.Release|Any CPU.Build.0 = Release|Any CPU
		{A8BEC1F6-9978-4445-ADBD-999F27A58A78}.Release|x64.ActiveCfg = Release|Any CPU
		{A8BEC1F6-9978-4445-ADBD-999F27A58A78}.Release|x64.Build.0 = Release|Any CPU
		{A8BEC1F6-9978-4445-ADBD-999F27A58A78}.Release|x86.ActiveCfg = Release|Any CPU
		{A8BEC1F6-9978-4445-ADBD-999F27A58A78}.Release|x86.Build.0 = Release|Any CPU
	EndGlobalSection
	GlobalSection(SolutionProperties) = preSolution
		HideSolutionNode = FALSE
	EndGlobalSection
	GlobalSection(ExtensibilityGlobals) = postSolution
		SolutionGuid = {7F7EFB42-4A7A-4148-932B-46A54BC211B6}
	EndGlobalSection
EndGlobal
