Microsoft Visual Studio Solution File, Format Version 12.00
# Visual Studio 15
VisualStudioVersion = 15.0.27130.2027
MinimumVisualStudioVersion = 15.0.26124.0
Project("{9A19103F-16F7-4668-BE54-9A1E7A4F7556}") = "DotNet.WebApp", "DotNet.WebApp\DotNet.WebApp.csproj", "{6BC3EE3F-2050-4703-92CB-EAE6B7C5668E}"
EndProject
Project("{2150E333-8FDC-42A3-9474-1A3956D46DE8}") = "Solution Items", "Solution Items", "{47EA7F4F-9A5F-404D-A187-9B67F8D97C45}"
	ProjectSection(SolutionItems) = preProject
		.gitignore = .gitignore
		buildspec.yml = buildspec.yml
		Dockerfile = Dockerfile
		README.md = README.md
	EndProjectSection
EndProject
Global
	GlobalSection(SolutionConfigurationPlatforms) = preSolution
		Debug|Any CPU = Debug|Any CPU
		Release|Any CPU = Release|Any CPU
	EndGlobalSection
	GlobalSection(ProjectConfigurationPlatforms) = postSolution
		{6BC3EE3F-2050-4703-92CB-EAE6B7C5668E}.Debug|Any CPU.ActiveCfg = Debug|Any CPU
		{6BC3EE3F-2050-4703-92CB-EAE6B7C5668E}.Debug|Any CPU.Build.0 = Debug|Any CPU
		{6BC3EE3F-2050-4703-92CB-EAE6B7C5668E}.Release|Any CPU.ActiveCfg = Release|Any CPU
		{6BC3EE3F-2050-4703-92CB-EAE6B7C5668E}.Release|Any CPU.Build.0 = Release|Any CPU
	EndGlobalSection
	GlobalSection(SolutionProperties) = preSolution
		HideSolutionNode = FALSE
	EndGlobalSection
	GlobalSection(ExtensibilityGlobals) = postSolution
		SolutionGuid = {7F7EFB42-4A7A-4148-932B-46A54BC211B6}
	EndGlobalSection
EndGlobal
